
Microsoft Visual Studio Solution File, Format Version 12.00
Project("{F2A71F9B-5D33-465A-A702-920D77279786}") = "ProjectEuler", "ProjectEuler\ProjectEuler.fsproj", "{36F75993-6ABE-4E3A-A8C9-1CC0020B7B66}"
EndProject
Global
	GlobalSection(SolutionConfigurationPlatforms) = preSolution
		Debug|Any CPU = Debug|Any CPU
		Release|Any CPU = Release|Any CPU
	EndGlobalSection
	GlobalSection(ProjectConfigurationPlatforms) = postSolution
		{36F75993-6ABE-4E3A-A8C9-1CC0020B7B66}.Debug|Any CPU.ActiveCfg = Debug|Any CPU
		{36F75993-6ABE-4E3A-A8C9-1CC0020B7B66}.Debug|Any CPU.Build.0 = Debug|Any CPU
		{36F75993-6ABE-4E3A-A8C9-1CC0020B7B66}.Release|Any CPU.ActiveCfg = Release|Any CPU
		{36F75993-6ABE-4E3A-A8C9-1CC0020B7B66}.Release|Any CPU.Build.0 = Release|Any CPU
	EndGlobalSection
EndGlobal
